// !$*UTF8*$!
{
	archiveVersion = 1;
	classes = {
	};
	objectVersion = 46;
	objects = {

/* Begin PBXBuildFile section */
		D45892C61B98500100EB8DCC /* main.m in Sources */ = {isa = PBXBuildFile; fileRef = D45892C51B98500100EB8DCC /* main.m */; };
		D45892C91B98500100EB8DCC /* AppDelegate.m in Sources */ = {isa = PBXBuildFile; fileRef = D45892C81B98500100EB8DCC /* AppDelegate.m */; };
		D45892CC1B98500100EB8DCC /* LoginScreen.m in Sources */ = {isa = PBXBuildFile; fileRef = D45892CB1B98500100EB8DCC /* LoginScreen.m */; };
		D45892CF1B98500100EB8DCC /* Main.storyboard in Resources */ = {isa = PBXBuildFile; fileRef = D45892CD1B98500100EB8DCC /* Main.storyboard */; };
		D45892D11B98500100EB8DCC /* Images.xcassets in Resources */ = {isa = PBXBuildFile; fileRef = D45892D01B98500100EB8DCC /* Images.xcassets */; };
		D45892D41B98500100EB8DCC /* LaunchScreen.xib in Resources */ = {isa = PBXBuildFile; fileRef = D45892D21B98500100EB8DCC /* LaunchScreen.xib */; };
/* End PBXBuildFile section */

/* Begin PBXContainerItemProxy section */
		D45892DA1B98500100EB8DCC /* PBXContainerItemProxy */ = {
			isa = PBXContainerItemProxy;
			containerPortal = D45892B81B98500100EB8DCC /* Project object */;
			proxyType = 1;
			remoteGlobalIDString = D45892BF1B98500100EB8DCC;
			remoteInfo = "Flood MS iOS";
		};
/* End PBXContainerItemProxy section */

/* Begin PBXFileReference section */
		D45892C01B98500100EB8DCC /* Flood MS iOS.app */ = {isa = PBXFileReference; explicitFileType = wrapper.application; includeInIndex = 0; path = "Flood MS iOS.app"; sourceTree = BUILT_PRODUCTS_DIR; };
		D45892C41B98500100EB8DCC /* Info.plist */ = {isa = PBXFileReference; lastKnownFileType = text.plist.xml; path = Info.plist; sourceTree = "<group>"; };
		D45892C51B98500100EB8DCC /* main.m */ = {isa = PBXFileReference; lastKnownFileType = sourcecode.c.objc; path = main.m; sourceTree = "<group>"; };
		D45892C71B98500100EB8DCC /* AppDelegate.h */ = {isa = PBXFileReference; lastKnownFileType = sourcecode.c.h; path = AppDelegate.h; sourceTree = "<group>"; };
		D45892C81B98500100EB8DCC /* AppDelegate.m */ = {isa = PBXFileReference; lastKnownFileType = sourcecode.c.objc; path = AppDelegate.m; sourceTree = "<group>"; };
		D45892CA1B98500100EB8DCC /* LoginScreen.h */ = {isa = PBXFileReference; lastKnownFileType = sourcecode.c.h; path = LoginScreen.h; sourceTree = "<group>"; };
		D45892CB1B98500100EB8DCC /* LoginScreen.m */ = {isa = PBXFileReference; lastKnownFileType = sourcecode.c.objc; path = LoginScreen.m; sourceTree = "<group>"; };
		D45892CE1B98500100EB8DCC /* Base */ = {isa = PBXFileReference; lastKnownFileType = file.storyboard; name = Base; path = Base.lproj/Main.storyboard; sourceTree = "<group>"; };
		D45892D01B98500100EB8DCC /* Images.xcassets */ = {isa = PBXFileReference; lastKnownFileType = folder.assetcatalog; path = Images.xcassets; sourceTree = "<group>"; };
		D45892D31B98500100EB8DCC /* Base */ = {isa = PBXFileReference; lastKnownFileType = file.xib; name = Base; path = Base.lproj/LaunchScreen.xib; sourceTree = "<group>"; };
		D45892D91B98500100EB8DCC /* Flood MS iOSTests.xctest */ = {isa = PBXFileReference; explicitFileType = wrapper.cfbundle; includeInIndex = 0; path = "Flood MS iOSTests.xctest"; sourceTree = BUILT_PRODUCTS_DIR; };
/* End PBXFileReference section */

/* Begin PBXFrameworksBuildPhase section */
		D45892BD1B98500100EB8DCC /* Frameworks */ = {
			isa = PBXFrameworksBuildPhase;
			buildActionMask = 2147483647;
			files = (
			);
			runOnlyForDeploymentPostprocessing = 0;
		};
		D45892D61B98500100EB8DCC /* Frameworks */ = {
			isa = PBXFrameworksBuildPhase;
			buildActionMask = 2147483647;
			files = (
			);
			runOnlyForDeploymentPostprocessing = 0;
		};
/* End PBXFrameworksBuildPhase section */

/* Begin PBXGroup section */
		D45892B71B98500100EB8DCC = {
			isa = PBXGroup;
			children = (
				D45892C11B98500100EB8DCC /* Products */,
				D45892C21B98500100EB8DCC /* Flood MS iOS */,
			);
			sourceTree = "<group>";
		};
		D45892C11B98500100EB8DCC /* Products */ = {
			isa = PBXGroup;
			children = (
				D45892C01B98500100EB8DCC /* Flood MS iOS.app */,
				D45892D91B98500100EB8DCC /* Flood MS iOSTests.xctest */,
			);
			name = Products;
			sourceTree = "<group>";
		};
		D45892C21B98500100EB8DCC /* Flood MS iOS */ = {
			isa = PBXGroup;
			children = (
				D45892C71B98500100EB8DCC /* AppDelegate.h */,
				D45892C81B98500100EB8DCC /* AppDelegate.m */,
				D45892CA1B98500100EB8DCC /* LoginScreen.h */,
				D45892CB1B98500100EB8DCC /* LoginScreen.m */,
				D45892CD1B98500100EB8DCC /* Main.storyboard */,
				D45892D01B98500100EB8DCC /* Images.xcassets */,
				D45892D21B98500100EB8DCC /* LaunchScreen.xib */,
				D45892C31B98500100EB8DCC /* Supporting Files */,
			);
			path = "Flood MS iOS";
			sourceTree = "<group>";
		};
		D45892C31B98500100EB8DCC /* Supporting Files */ = {
			isa = PBXGroup;
			children = (
				D45892C41B98500100EB8DCC /* Info.plist */,
				D45892C51B98500100EB8DCC /* main.m */,
			);
			name = "Supporting Files";
			sourceTree = "<group>";
		};
/* End PBXGroup section */

/* Begin PBXNativeTarget section */
		D45892BF1B98500100EB8DCC /* Flood MS iOS */ = {
			isa = PBXNativeTarget;
			buildConfigurationList = D45892E31B98500100EB8DCC /* Build configuration list for PBXNativeTarget "Flood MS iOS" */;
			buildPhases = (
				D45892BC1B98500100EB8DCC /* Sources */,
				D45892BD1B98500100EB8DCC /* Frameworks */,
				D45892BE1B98500100EB8DCC /* Resources */,
			);
			buildRules = (
			);
			dependencies = (
			);
			name = "Flood MS iOS";
			productName = "Flood MS iOS";
			productReference = D45892C01B98500100EB8DCC /* Flood MS iOS.app */;
			productType = "com.apple.product-type.application";
		};
		D45892D81B98500100EB8DCC /* Flood MS iOSTests */ = {
			isa = PBXNativeTarget;
			buildConfigurationList = D45892E61B98500100EB8DCC /* Build configuration list for PBXNativeTarget "Flood MS iOSTests" */;
			buildPhases = (
				D45892D51B98500100EB8DCC /* Sources */,
				D45892D61B98500100EB8DCC /* Frameworks */,
				D45892D71B98500100EB8DCC /* Resources */,
			);
			buildRules = (
			);
			dependencies = (
				D45892DB1B98500100EB8DCC /* PBXTargetDependency */,
			);
			name = "Flood MS iOSTests";
			productName = "Flood MS iOSTests";
			productReference = D45892D91B98500100EB8DCC /* Flood MS iOSTests.xctest */;
			productType = "com.apple.product-type.bundle.unit-test";
		};
/* End PBXNativeTarget section */

/* Begin PBXProject section */
		D45892B81B98500100EB8DCC /* Project object */ = {
			isa = PBXProject;
			attributes = {
				LastUpgradeCheck = 0640;
				ORGANIZATIONNAME = "Team Neptune";
				TargetAttributes = {
					D45892BF1B98500100EB8DCC = {
						CreatedOnToolsVersion = 6.4;
					};
					D45892D81B98500100EB8DCC = {
						CreatedOnToolsVersion = 6.4;
						TestTargetID = D45892BF1B98500100EB8DCC;
					};
				};
			};
			buildConfigurationList = D45892BB1B98500100EB8DCC /* Build configuration list for PBXProject "Flood MS iOS" */;
			compatibilityVersion = "Xcode 3.2";
			developmentRegion = English;
			hasScannedForEncodings = 0;
			knownRegions = (
				en,
				Base,
			);
			mainGroup = D45892B71B98500100EB8DCC;
			productRefGroup = D45892C11B98500100EB8DCC /* Products */;
			projectDirPath = "";
			projectRoot = "";
			targets = (
				D45892BF1B98500100EB8DCC /* Flood MS iOS */,
				D45892D81B98500100EB8DCC /* Flood MS iOSTests */,
			);
		};
/* End PBXProject section */

/* Begin PBXResourcesBuildPhase section */
		D45892BE1B98500100EB8DCC /* Resources */ = {
			isa = PBXResourcesBuildPhase;
			buildActionMask = 2147483647;
			files = (
				D45892CF1B98500100EB8DCC /* Main.storyboard in Resources */,
				D45892D41B98500100EB8DCC /* LaunchScreen.xib in Resources */,
				D45892D11B98500100EB8DCC /* Images.xcassets in Resources */,
			);
			runOnlyForDeploymentPostprocessing = 0;
		};
		D45892D71B98500100EB8DCC /* Resources */ = {
			isa = PBXResourcesBuildPhase;
			buildActionMask = 2147483647;
			files = (
			);
			runOnlyForDeploymentPostprocessing = 0;
		};
/* End PBXResourcesBuildPhase section */

/* Begin PBXSourcesBuildPhase section */
		D45892BC1B98500100EB8DCC /* Sources */ = {
			isa = PBXSourcesBuildPhase;
			buildActionMask = 2147483647;
			files = (
				D45892CC1B98500100EB8DCC /* LoginScreen.m in Sources */,
				D45892C91B98500100EB8DCC /* AppDelegate.m in Sources */,
				D45892C61B98500100EB8DCC /* main.m in Sources */,
			);
			runOnlyForDeploymentPostprocessing = 0;
		};
		D45892D51B98500100EB8DCC /* Sources */ = {
			isa = PBXSourcesBuildPhase;
			buildActionMask = 2147483647;
			files = (
			);
			runOnlyForDeploymentPostprocessing = 0;
		};
/* End PBXSourcesBuildPhase section */

/* Begin PBXTargetDependency section */
		D45892DB1B98500100EB8DCC /* PBXTargetDependency */ = {
			isa = PBXTargetDependency;
			target = D45892BF1B98500100EB8DCC /* Flood MS iOS */;
			targetProxy = D45892DA1B98500100EB8DCC /* PBXContainerItemProxy */;
		};
/* End PBXTargetDependency section */

/* Begin PBXVariantGroup section */
		D45892CD1B98500100EB8DCC /* Main.storyboard */ = {
			isa = PBXVariantGroup;
			children = (
				D45892CE1B98500100EB8DCC /* Base */,
			);
			name = Main.storyboard;
			sourceTree = "<group>";
		};
		D45892D21B98500100EB8DCC /* LaunchScreen.xib */ = {
			isa = PBXVariantGroup;
			children = (
				D45892D31B98500100EB8DCC /* Base */,
			);
			name = LaunchScreen.xib;
			sourceTree = "<group>";
		};
/* End PBXVariantGroup section */

/* Begin XCBuildConfiguration section */
		D45892E11B98500100EB8DCC /* Debug */ = {
			isa = XCBuildConfiguration;
			buildSettings = {
				ALWAYS_SEARCH_USER_PATHS = NO;
				CLANG_CXX_LANGUAGE_STANDARD = "gnu++0x";
				CLANG_CXX_LIBRARY = "libc++";
				CLANG_ENABLE_MODULES = YES;
				CLANG_ENABLE_OBJC_ARC = YES;
				CLANG_WARN_BOOL_CONVERSION = YES;
				CLANG_WARN_CONSTANT_CONVERSION = YES;
				CLANG_WARN_DIRECT_OBJC_ISA_USAGE = YES_ERROR;
				CLANG_WARN_EMPTY_BODY = YES;
				CLANG_WARN_ENUM_CONVERSION = YES;
				CLANG_WARN_INT_CONVERSION = YES;
				CLANG_WARN_OBJC_ROOT_CLASS = YES_ERROR;
				CLANG_WARN_UNREACHABLE_CODE = YES;
				CLANG_WARN__DUPLICATE_METHOD_MATCH = YES;
				"CODE_SIGN_IDENTITY[sdk=iphoneos*]" = "iPhone Developer";
				COPY_PHASE_STRIP = NO;
				DEBUG_INFORMATION_FORMAT = "dwarf-with-dsym";
				ENABLE_STRICT_OBJC_MSGSEND = YES;
				GCC_C_LANGUAGE_STANDARD = gnu99;
				GCC_DYNAMIC_NO_PIC = NO;
				GCC_NO_COMMON_BLOCKS = YES;
				GCC_OPTIMIZATION_LEVEL = 0;
				GCC_PREPROCESSOR_DEFINITIONS = (
					"DEBUG=1",
					"$(inherited)",
				);
				GCC_SYMBOLS_PRIVATE_EXTERN = NO;
				GCC_WARN_64_TO_32_BIT_CONVERSION = YES;
				GCC_WARN_ABOUT_RETURN_TYPE = YES_ERROR;
				GCC_WARN_UNDECLARED_SELECTOR = YES;
				GCC_WARN_UNINITIALIZED_AUTOS = YES_AGGRESSIVE;
				GCC_WARN_UNUSED_FUNCTION = YES;
				GCC_WARN_UNUSED_VARIABLE = YES;
				IPHONEOS_DEPLOYMENT_TARGET = 8.4;
				MTL_ENABLE_DEBUG_INFO = YES;
				ONLY_ACTIVE_ARCH = YES;
				SDKROOT = iphoneos;
				TARGETED_DEVICE_FAMILY = "1,2";
			};
			name = Debug;
		};
		D45892E21B98500100EB8DCC /* Release */ = {
			isa = XCBuildConfiguration;
			buildSettings = {
				ALWAYS_SEARCH_USER_PATHS = NO;
				CLANG_CXX_LANGUAGE_STANDARD = "gnu++0x";
				CLANG_CXX_LIBRARY = "libc++";
				CLANG_ENABLE_MODULES = YES;
				CLANG_ENABLE_OBJC_ARC = YES;
				CLANG_WARN_BOOL_CONVERSION = YES;
				CLANG_WARN_CONSTANT_CONVERSION = YES;
				CLANG_WARN_DIRECT_OBJC_ISA_USAGE = YES_ERROR;
				CLANG_WARN_EMPTY_BODY = YES;
				CLANG_WARN_ENUM_CONVERSION = YES;
				CLANG_WARN_INT_CONVERSION = YES;
				CLANG_WARN_OBJC_ROOT_CLASS = YES_ERROR;
				CLANG_WARN_UNREACHABLE_CODE = YES;
				CLANG_WARN__DUPLICATE_METHOD_MATCH = YES;
				"CODE_SIGN_IDENTITY[sdk=iphoneos*]" = "iPhone Developer";
				COPY_PHASE_STRIP = NO;
				DEBUG_INFORMATION_FORMAT = "dwarf-with-dsym";
				ENABLE_NS_ASSERTIONS = NO;
				ENABLE_STRICT_OBJC_MSGSEND = YES;
				GCC_C_LANGUAGE_STANDARD = gnu99;
				GCC_NO_COMMON_BLOCKS = YES;
				GCC_WARN_64_TO_32_BIT_CONVERSION = YES;
				GCC_WARN_ABOUT_RETURN_TYPE = YES_ERROR;
				GCC_WARN_UNDECLARED_SELECTOR = YES;
				GCC_WARN_UNINITIALIZED_AUTOS = YES_AGGRESSIVE;
				GCC_WARN_UNUSED_FUNCTION = YES;
				GCC_WARN_UNUSED_VARIABLE = YES;
				IPHONEOS_DEPLOYMENT_TARGET = 8.4;
				MTL_ENABLE_DEBUG_INFO = NO;
				SDKROOT = iphoneos;
				TARGETED_DEVICE_FAMILY = "1,2";
				VALIDATE_PRODUCT = YES;
			};
			name = Release;
		};
		D45892E41B98500100EB8DCC /* Debug */ = {
			isa = XCBuildConfiguration;
			buildSettings = {
				ASSETCATALOG_COMPILER_APPICON_NAME = AppIcon;
				INFOPLIST_FILE = "Flood MS iOS/Info.plist";
				LD_RUNPATH_SEARCH_PATHS = "$(inherited) @executable_path/Frameworks";
				PRODUCT_NAME = "$(TARGET_NAME)";
			};
			name = Debug;
		};
		D45892E51B98500100EB8DCC /* Release */ = {
			isa = XCBuildConfiguration;
			buildSettings = {
				ASSETCATALOG_COMPILER_APPICON_NAME = AppIcon;
				INFOPLIST_FILE = "Flood MS iOS/Info.plist";
				LD_RUNPATH_SEARCH_PATHS = "$(inherited) @executable_path/Frameworks";
				PRODUCT_NAME = "$(TARGET_NAME)";
			};
			name = Release;
		};
		D45892E71B98500100EB8DCC /* Debug */ = {
			isa = XCBuildConfiguration;
			buildSettings = {
				BUNDLE_LOADER = "$(TEST_HOST)";
				FRAMEWORK_SEARCH_PATHS = (
					"$(SDKROOT)/Developer/Library/Frameworks",
					"$(inherited)",
				);
				GCC_PREPROCESSOR_DEFINITIONS = (
					"DEBUG=1",
					"$(inherited)",
				);
				INFOPLIST_FILE = "Flood MS iOSTests/Info.plist";
				LD_RUNPATH_SEARCH_PATHS = "$(inherited) @executable_path/Frameworks @loader_path/Frameworks";
				PRODUCT_NAME = "$(TARGET_NAME)";
				TEST_HOST = "$(BUILT_PRODUCTS_DIR)/Flood MS iOS.app/Flood MS iOS";
			};
			name = Debug;
		};
		D45892E81B98500100EB8DCC /* Release */ = {
			isa = XCBuildConfiguration;
			buildSettings = {
				BUNDLE_LOADER = "$(TEST_HOST)";
				FRAMEWORK_SEARCH_PATHS = (
					"$(SDKROOT)/Developer/Library/Frameworks",
					"$(inherited)",
				);
				INFOPLIST_FILE = "Flood MS iOSTests/Info.plist";
				LD_RUNPATH_SEARCH_PATHS = "$(inherited) @executable_path/Frameworks @loader_path/Frameworks";
				PRODUCT_NAME = "$(TARGET_NAME)";
				TEST_HOST = "$(BUILT_PRODUCTS_DIR)/Flood MS iOS.app/Flood MS iOS";
			};
			name = Release;
		};
/* End XCBuildConfiguration section */

/* Begin XCConfigurationList section */
		D45892BB1B98500100EB8DCC /* Build configuration list for PBXProject "Flood MS iOS" */ = {
			isa = XCConfigurationList;
			buildConfigurations = (
				D45892E11B98500100EB8DCC /* Debug */,
				D45892E21B98500100EB8DCC /* Release */,
			);
			defaultConfigurationIsVisible = 0;
			defaultConfigurationName = Release;
		};
		D45892E31B98500100EB8DCC /* Build configuration list for PBXNativeTarget "Flood MS iOS" */ = {
			isa = XCConfigurationList;
			buildConfigurations = (
				D45892E41B98500100EB8DCC /* Debug */,
				D45892E51B98500100EB8DCC /* Release */,
			);
			defaultConfigurationIsVisible = 0;
			defaultConfigurationName = Release;
		};
		D45892E61B98500100EB8DCC /* Build configuration list for PBXNativeTarget "Flood MS iOSTests" */ = {
			isa = XCConfigurationList;
			buildConfigurations = (
				D45892E71B98500100EB8DCC /* Debug */,
				D45892E81B98500100EB8DCC /* Release */,
			);
			defaultConfigurationIsVisible = 0;
			defaultConfigurationName = Release;
		};
/* End XCConfigurationList section */
	};
	rootObject = D45892B81B98500100EB8DCC /* Project object */;
}
